{
  "name": "benchmark-obviousbench",
  "lockfileVersion": 3,
  "requires": true,
  "packages": {
    "": {
      "name": "benchmark-obviousbench",
      "dependencies": {
        "runcost": "^0.1.12"
      },
      "engines": {
        "node": ">=20"
      }
    },
    "node_modules/runcost": {
      "version": "0.1.12",
      "resolved": "https://registry.npmjs.org/runcost/-/runcost-0.1.12.tgz",
      "integrity": "sha512-jsmkHdgen1zlBcAQVl757O/IPlpk/0HSjalFrm+GK2Su6R+a5c+f7pSqtQ6vrgk5etOPVph4/fIKPjOZbbxy9A==",
      "license": "MIT"
    }
  }
}
