{
  "name": "benchmark-oops",
  "lockfileVersion": 3,
  "requires": true,
  "packages": {
    "": {
      "name": "benchmark-oops",
      "dependencies": {
        "runcost": "^0.1.4"
      },
      "engines": {
        "node": ">=20"
      }
    },
    "node_modules/runcost": {
      "version": "0.1.4",
      "resolved": "https://registry.npmjs.org/runcost/-/runcost-0.1.4.tgz",
      "integrity": "sha512-Nlb1SZYfjibX8ns+F9sSB8X08KiN3jD1BdGqYjhdg9+hGhXJUQ+O3urfE+uUEXVrkjwZ5OtF+1LPpoix7Qol2g==",
      "license": "MIT"
    }
  }
}
